
Microsoft Visual Studio Solution File, Format Version 12.00
# Visual Studio Version 16
VisualStudioVersion = 16.0.31702.278
MinimumVisualStudioVersion = 10.0.40219.1
Project("{2150E333-8FDC-42A3-9474-1A3956D46DE8}") = "src", "src", "{D1FF3090-B417-4EFC-9035-C84C4B750B72}"
EndProject
Project("{2150E333-8FDC-42A3-9474-1A3956D46DE8}") = "tests", "tests", "{07AB602C-095F-4550-8494-7198CD54A725}"
EndProject
Project("{9A19103F-16F7-4668-BE54-9A1E7A4F7556}") = "Finlex.Quiz1", "src\Finlex.Quiz1\Finlex.Quiz1.csproj", "{A0783F94-0DE0-4557-A593-0FE5D3BA45EA}"
EndProject
Project("{9A19103F-16F7-4668-BE54-9A1E7A4F7556}") = "Finlex.Quiz1.Tests", "tests\Finlex.Quiz1.Tests\Finlex.Quiz1.Tests.csproj", "{1858FC62-FAA8-4037-A71C-76F11A9DFDC3}"
EndProject
Global
	GlobalSection(SolutionConfigurationPlatforms) = preSolution
		Debug|Any CPU = Debug|Any CPU
		Release|Any CPU = Release|Any CPU
	EndGlobalSection
	GlobalSection(ProjectConfigurationPlatforms) = postSolution
		{A0783F94-0DE0-4557-A593-0FE5D3BA45EA}.Debug|Any CPU.ActiveCfg = Debug|Any CPU
		{A0783F94-0DE0-4557-A593-0FE5D3BA45EA}.Debug|Any CPU.Build.0 = Debug|Any CPU
		{A0783F94-0DE0-4557-A593-0FE5D3BA45EA}.Release|Any CPU.ActiveCfg = Release|Any CPU
		{A0783F94-0DE0-4557-A593-0FE5D3BA45EA}.Release|Any CPU.Build.0 = Release|Any CPU
		{1858FC62-FAA8-4037-A71C-76F11A9DFDC3}.Debug|Any CPU.ActiveCfg = Debug|Any CPU
		{1858FC62-FAA8-4037-A71C-76F11A9DFDC3}.Debug|Any CPU.Build.0 = Debug|Any CPU
		{1858FC62-FAA8-4037-A71C-76F11A9DFDC3}.Release|Any CPU.ActiveCfg = Release|Any CPU
		{1858FC62-FAA8-4037-A71C-76F11A9DFDC3}.Release|Any CPU.Build.0 = Release|Any CPU
	EndGlobalSection
	GlobalSection(SolutionProperties) = preSolution
		HideSolutionNode = FALSE
	EndGlobalSection
	GlobalSection(NestedProjects) = preSolution
		{A0783F94-0DE0-4557-A593-0FE5D3BA45EA} = {D1FF3090-B417-4EFC-9035-C84C4B750B72}
		{1858FC62-FAA8-4037-A71C-76F11A9DFDC3} = {07AB602C-095F-4550-8494-7198CD54A725}
	EndGlobalSection
	GlobalSection(ExtensibilityGlobals) = postSolution
		SolutionGuid = {598722DF-7DE0-4F1F-A073-12E39A129B71}
	EndGlobalSection
EndGlobal
